
Microsoft Visual Studio Solution File, Format Version 12.00
# Visual Studio Version 17
VisualStudioVersion = 17.7.34221.43
MinimumVisualStudioVersion = 10.0.40219.1
Project("{FAE04EC0-301F-11D3-BF4B-00C04F79EFBC}") = "RealAlgebra", "RealAlgebra\RealAlgebra.csproj", "{B30834BC-A223-4D7D-9ED2-B56445036220}"
EndProject
Global
	GlobalSection(SolutionConfigurationPlatforms) = preSolution
		Debug|Any CPU = Debug|Any CPU
		Release|Any CPU = Release|Any CPU
	EndGlobalSection
	GlobalSection(ProjectConfigurationPlatforms) = postSolution
		{B30834BC-A223-4D7D-9ED2-B56445036220}.Debug|Any CPU.ActiveCfg = Debug|Any CPU
		{B30834BC-A223-4D7D-9ED2-B56445036220}.Debug|Any CPU.Build.0 = Debug|Any CPU
		{B30834BC-A223-4D7D-9ED2-B56445036220}.Release|Any CPU.ActiveCfg = Release|Any CPU
		{B30834BC-A223-4D7D-9ED2-B56445036220}.Release|Any CPU.Build.0 = Release|Any CPU
	EndGlobalSection
	GlobalSection(SolutionProperties) = preSolution
		HideSolutionNode = FALSE
	EndGlobalSection
	GlobalSection(ExtensibilityGlobals) = postSolution
		SolutionGuid = {E3B32DC6-4318-4501-8BAC-1F0704EB2F8A}
	EndGlobalSection
EndGlobal
